// !$*UTF8*$!
{
	archiveVersion = 1;
	classes = {
	};
	objectVersion = 56;
	objects = {

/* Begin PBXBuildFile section */
		0BAD32912C06B9CD006EAD7F /* DetailsViewController.swift in Sources */ = {isa = PBXBuildFile; fileRef = 0BAD32902C06B9CD006EAD7F /* DetailsViewController.swift */; };
		0BAD32932C06B9FF006EAD7F /* DetailsScreen.swift in Sources */ = {isa = PBXBuildFile; fileRef = 0BAD32922C06B9FF006EAD7F /* DetailsScreen.swift */; };
		0BD618FC2C0E96BA005548C2 /* UpcomingCollectionViewCell.swift in Sources */ = {isa = PBXBuildFile; fileRef = 0BD618FB2C0E96BA005548C2 /* UpcomingCollectionViewCell.swift */; };
		0BD618FF2C0EB311005548C2 /* PopularCollectionViewCell.swift in Sources */ = {isa = PBXBuildFile; fileRef = 0BD618FE2C0EB311005548C2 /* PopularCollectionViewCell.swift */; };
		0BED39A72C05607C00EA5F99 /* AppDelegate.swift in Sources */ = {isa = PBXBuildFile; fileRef = 0BED39A62C05607C00EA5F99 /* AppDelegate.swift */; };
		0BED39A92C05607C00EA5F99 /* SceneDelegate.swift in Sources */ = {isa = PBXBuildFile; fileRef = 0BED39A82C05607C00EA5F99 /* SceneDelegate.swift */; };
		0BED39AB2C05607C00EA5F99 /* HomeViewController.swift in Sources */ = {isa = PBXBuildFile; fileRef = 0BED39AA2C05607C00EA5F99 /* HomeViewController.swift */; };
		0BED39B02C05607D00EA5F99 /* Assets.xcassets in Resources */ = {isa = PBXBuildFile; fileRef = 0BED39AF2C05607D00EA5F99 /* Assets.xcassets */; };
		0BED39B32C05607D00EA5F99 /* Base in Resources */ = {isa = PBXBuildFile; fileRef = 0BED39B22C05607D00EA5F99 /* Base */; };
		0BED39BE2C05607D00EA5F99 /* DesafioTecnicoCI_TTests.swift in Sources */ = {isa = PBXBuildFile; fileRef = 0BED39BD2C05607D00EA5F99 /* DesafioTecnicoCI_TTests.swift */; };
		0BED39C82C05607D00EA5F99 /* DesafioTecnicoCI_TUITests.swift in Sources */ = {isa = PBXBuildFile; fileRef = 0BED39C72C05607D00EA5F99 /* DesafioTecnicoCI_TUITests.swift */; };
		0BED39CA2C05607D00EA5F99 /* DesafioTecnicoCI_TUITestsLaunchTests.swift in Sources */ = {isa = PBXBuildFile; fileRef = 0BED39C92C05607D00EA5F99 /* DesafioTecnicoCI_TUITestsLaunchTests.swift */; };
		0BED39DA2C0562C000EA5F99 /* HomeScreen.swift in Sources */ = {isa = PBXBuildFile; fileRef = 0BED39D92C0562C000EA5F99 /* HomeScreen.swift */; };
/* End PBXBuildFile section */

/* Begin PBXContainerItemProxy section */
		0BED39BA2C05607D00EA5F99 /* PBXContainerItemProxy */ = {
			isa = PBXContainerItemProxy;
			containerPortal = 0BED399B2C05607C00EA5F99 /* Project object */;
			proxyType = 1;
			remoteGlobalIDString = 0BED39A22C05607C00EA5F99;
			remoteInfo = "DesafioTecnicoCI&T";
		};
		0BED39C42C05607D00EA5F99 /* PBXContainerItemProxy */ = {
			isa = PBXContainerItemProxy;
			containerPortal = 0BED399B2C05607C00EA5F99 /* Project object */;
			proxyType = 1;
			remoteGlobalIDString = 0BED39A22C05607C00EA5F99;
			remoteInfo = "DesafioTecnicoCI&T";
		};
/* End PBXContainerItemProxy section */

/* Begin PBXFileReference section */
		0BAD32902C06B9CD006EAD7F /* DetailsViewController.swift */ = {isa = PBXFileReference; lastKnownFileType = sourcecode.swift; path = DetailsViewController.swift; sourceTree = "<group>"; };
		0BAD32922C06B9FF006EAD7F /* DetailsScreen.swift */ = {isa = PBXFileReference; lastKnownFileType = sourcecode.swift; path = DetailsScreen.swift; sourceTree = "<group>"; };
		0BD618FB2C0E96BA005548C2 /* UpcomingCollectionViewCell.swift */ = {isa = PBXFileReference; lastKnownFileType = sourcecode.swift; path = UpcomingCollectionViewCell.swift; sourceTree = "<group>"; };
		0BD618FE2C0EB311005548C2 /* PopularCollectionViewCell.swift */ = {isa = PBXFileReference; lastKnownFileType = sourcecode.swift; path = PopularCollectionViewCell.swift; sourceTree = "<group>"; };
		0BED39A32C05607C00EA5F99 /* DesafioTecnicoCI&T.app */ = {isa = PBXFileReference; explicitFileType = wrapper.application; includeInIndex = 0; path = "DesafioTecnicoCI&T.app"; sourceTree = BUILT_PRODUCTS_DIR; };
		0BED39A62C05607C00EA5F99 /* AppDelegate.swift */ = {isa = PBXFileReference; lastKnownFileType = sourcecode.swift; path = AppDelegate.swift; sourceTree = "<group>"; };
		0BED39A82C05607C00EA5F99 /* SceneDelegate.swift */ = {isa = PBXFileReference; lastKnownFileType = sourcecode.swift; path = SceneDelegate.swift; sourceTree = "<group>"; };
		0BED39AA2C05607C00EA5F99 /* HomeViewController.swift */ = {isa = PBXFileReference; lastKnownFileType = sourcecode.swift; path = HomeViewController.swift; sourceTree = "<group>"; };
		0BED39AF2C05607D00EA5F99 /* Assets.xcassets */ = {isa = PBXFileReference; lastKnownFileType = folder.assetcatalog; path = Assets.xcassets; sourceTree = "<group>"; };
		0BED39B22C05607D00EA5F99 /* Base */ = {isa = PBXFileReference; lastKnownFileType = file.storyboard; name = Base; path = Base.lproj/LaunchScreen.storyboard; sourceTree = "<group>"; };
		0BED39B42C05607D00EA5F99 /* Info.plist */ = {isa = PBXFileReference; lastKnownFileType = text.plist.xml; path = Info.plist; sourceTree = "<group>"; };
		0BED39B92C05607D00EA5F99 /* DesafioTecnicoCI&TTests.xctest */ = {isa = PBXFileReference; explicitFileType = wrapper.cfbundle; includeInIndex = 0; path = "DesafioTecnicoCI&TTests.xctest"; sourceTree = BUILT_PRODUCTS_DIR; };
		0BED39BD2C05607D00EA5F99 /* DesafioTecnicoCI_TTests.swift */ = {isa = PBXFileReference; lastKnownFileType = sourcecode.swift; path = DesafioTecnicoCI_TTests.swift; sourceTree = "<group>"; };
		0BED39C32C05607D00EA5F99 /* DesafioTecnicoCI&TUITests.xctest */ = {isa = PBXFileReference; explicitFileType = wrapper.cfbundle; includeInIndex = 0; path = "DesafioTecnicoCI&TUITests.xctest"; sourceTree = BUILT_PRODUCTS_DIR; };
		0BED39C72C05607D00EA5F99 /* DesafioTecnicoCI_TUITests.swift */ = {isa = PBXFileReference; lastKnownFileType = sourcecode.swift; path = DesafioTecnicoCI_TUITests.swift; sourceTree = "<group>"; };
		0BED39C92C05607D00EA5F99 /* DesafioTecnicoCI_TUITestsLaunchTests.swift */ = {isa = PBXFileReference; lastKnownFileType = sourcecode.swift; path = DesafioTecnicoCI_TUITestsLaunchTests.swift; sourceTree = "<group>"; };
		0BED39D92C0562C000EA5F99 /* HomeScreen.swift */ = {isa = PBXFileReference; lastKnownFileType = sourcecode.swift; path = HomeScreen.swift; sourceTree = "<group>"; };
/* End PBXFileReference section */

/* Begin PBXFrameworksBuildPhase section */
		0BED39A02C05607C00EA5F99 /* Frameworks */ = {
			isa = PBXFrameworksBuildPhase;
			buildActionMask = 2147483647;
			files = (
			);
			runOnlyForDeploymentPostprocessing = 0;
		};
		0BED39B62C05607D00EA5F99 /* Frameworks */ = {
			isa = PBXFrameworksBuildPhase;
			buildActionMask = 2147483647;
			files = (
			);
			runOnlyForDeploymentPostprocessing = 0;
		};
		0BED39C02C05607D00EA5F99 /* Frameworks */ = {
			isa = PBXFrameworksBuildPhase;
			buildActionMask = 2147483647;
			files = (
			);
			runOnlyForDeploymentPostprocessing = 0;
		};
/* End PBXFrameworksBuildPhase section */

/* Begin PBXGroup section */
		0BAD32892C06B7E9006EAD7F /* Upcoming */ = {
			isa = PBXGroup;
			children = (
			);
			path = Upcoming;
			sourceTree = "<group>";
		};
		0BAD328E2C06B9A9006EAD7F /* Details */ = {
			isa = PBXGroup;
			children = (
				0BAD32902C06B9CD006EAD7F /* DetailsViewController.swift */,
				0BAD32922C06B9FF006EAD7F /* DetailsScreen.swift */,
			);
			path = Details;
			sourceTree = "<group>";
		};
		0BED399A2C05607C00EA5F99 = {
			isa = PBXGroup;
			children = (
				0BED39A52C05607C00EA5F99 /* DesafioTecnicoCI&T */,
				0BED39BC2C05607D00EA5F99 /* DesafioTecnicoCI&TTests */,
				0BED39C62C05607D00EA5F99 /* DesafioTecnicoCI&TUITests */,
				0BED39A42C05607C00EA5F99 /* Products */,
			);
			sourceTree = "<group>";
		};
		0BED39A42C05607C00EA5F99 /* Products */ = {
			isa = PBXGroup;
			children = (
				0BED39A32C05607C00EA5F99 /* DesafioTecnicoCI&T.app */,
				0BED39B92C05607D00EA5F99 /* DesafioTecnicoCI&TTests.xctest */,
				0BED39C32C05607D00EA5F99 /* DesafioTecnicoCI&TUITests.xctest */,
			);
			name = Products;
			sourceTree = "<group>";
		};
		0BED39A52C05607C00EA5F99 /* DesafioTecnicoCI&T */ = {
			isa = PBXGroup;
			children = (
				0BAD328E2C06B9A9006EAD7F /* Details */,
				0BAD32892C06B7E9006EAD7F /* Upcoming */,
				0BED39AF2C05607D00EA5F99 /* Assets.xcassets */,
				0BED39B12C05607D00EA5F99 /* LaunchScreen.storyboard */,
				0BED39B42C05607D00EA5F99 /* Info.plist */,
				0BED39D82C05617400EA5F99 /* Home */,
				0BED39D62C05614300EA5F99 /* App */,
			);
			path = "DesafioTecnicoCI&T";
			sourceTree = "<group>";
		};
		0BED39BC2C05607D00EA5F99 /* DesafioTecnicoCI&TTests */ = {
			isa = PBXGroup;
			children = (
				0BED39BD2C05607D00EA5F99 /* DesafioTecnicoCI_TTests.swift */,
			);
			path = "DesafioTecnicoCI&TTests";
			sourceTree = "<group>";
		};
		0BED39C62C05607D00EA5F99 /* DesafioTecnicoCI&TUITests */ = {
			isa = PBXGroup;
			children = (
				0BED39C72C05607D00EA5F99 /* DesafioTecnicoCI_TUITests.swift */,
				0BED39C92C05607D00EA5F99 /* DesafioTecnicoCI_TUITestsLaunchTests.swift */,
			);
			path = "DesafioTecnicoCI&TUITests";
			sourceTree = "<group>";
		};
		0BED39D62C05614300EA5F99 /* App */ = {
			isa = PBXGroup;
			children = (
				0BED39A62C05607C00EA5F99 /* AppDelegate.swift */,
				0BED39A82C05607C00EA5F99 /* SceneDelegate.swift */,
			);
			path = App;
			sourceTree = "<group>";
		};
		0BED39D82C05617400EA5F99 /* Home */ = {
			isa = PBXGroup;
			children = (
				0BD618FE2C0EB311005548C2 /* PopularCollectionViewCell.swift */,
				0BD618FB2C0E96BA005548C2 /* UpcomingCollectionViewCell.swift */,
				0BED39AA2C05607C00EA5F99 /* HomeViewController.swift */,
				0BED39D92C0562C000EA5F99 /* HomeScreen.swift */,
			);
			path = Home;
			sourceTree = "<group>";
		};
/* End PBXGroup section */

/* Begin PBXNativeTarget section */
		0BED39A22C05607C00EA5F99 /* DesafioTecnicoCI&T */ = {
			isa = PBXNativeTarget;
			buildConfigurationList = 0BED39CD2C05607D00EA5F99 /* Build configuration list for PBXNativeTarget "DesafioTecnicoCI&T" */;
			buildPhases = (
				0BED399F2C05607C00EA5F99 /* Sources */,
				0BED39A02C05607C00EA5F99 /* Frameworks */,
				0BED39A12C05607C00EA5F99 /* Resources */,
			);
			buildRules = (
			);
			dependencies = (
			);
			name = "DesafioTecnicoCI&T";
			productName = "DesafioTecnicoCI&T";
			productReference = 0BED39A32C05607C00EA5F99 /* DesafioTecnicoCI&T.app */;
			productType = "com.apple.product-type.application";
		};
		0BED39B82C05607D00EA5F99 /* DesafioTecnicoCI&TTests */ = {
			isa = PBXNativeTarget;
			buildConfigurationList = 0BED39D02C05607D00EA5F99 /* Build configuration list for PBXNativeTarget "DesafioTecnicoCI&TTests" */;
			buildPhases = (
				0BED39B52C05607D00EA5F99 /* Sources */,
				0BED39B62C05607D00EA5F99 /* Frameworks */,
				0BED39B72C05607D00EA5F99 /* Resources */,
			);
			buildRules = (
			);
			dependencies = (
				0BED39BB2C05607D00EA5F99 /* PBXTargetDependency */,
			);
			name = "DesafioTecnicoCI&TTests";
			productName = "DesafioTecnicoCI&TTests";
			productReference = 0BED39B92C05607D00EA5F99 /* DesafioTecnicoCI&TTests.xctest */;
			productType = "com.apple.product-type.bundle.unit-test";
		};
		0BED39C22C05607D00EA5F99 /* DesafioTecnicoCI&TUITests */ = {
			isa = PBXNativeTarget;
			buildConfigurationList = 0BED39D32C05607D00EA5F99 /* Build configuration list for PBXNativeTarget "DesafioTecnicoCI&TUITests" */;
			buildPhases = (
				0BED39BF2C05607D00EA5F99 /* Sources */,
				0BED39C02C05607D00EA5F99 /* Frameworks */,
				0BED39C12C05607D00EA5F99 /* Resources */,
			);
			buildRules = (
			);
			dependencies = (
				0BED39C52C05607D00EA5F99 /* PBXTargetDependency */,
			);
			name = "DesafioTecnicoCI&TUITests";
			productName = "DesafioTecnicoCI&TUITests";
			productReference = 0BED39C32C05607D00EA5F99 /* DesafioTecnicoCI&TUITests.xctest */;
			productType = "com.apple.product-type.bundle.ui-testing";
		};
/* End PBXNativeTarget section */

/* Begin PBXProject section */
		0BED399B2C05607C00EA5F99 /* Project object */ = {
			isa = PBXProject;
			attributes = {
				BuildIndependentTargetsInParallel = 1;
				LastSwiftUpdateCheck = 1530;
				LastUpgradeCheck = 1530;
				TargetAttributes = {
					0BED39A22C05607C00EA5F99 = {
						CreatedOnToolsVersion = 15.3;
					};
					0BED39B82C05607D00EA5F99 = {
						CreatedOnToolsVersion = 15.3;
						TestTargetID = 0BED39A22C05607C00EA5F99;
					};
					0BED39C22C05607D00EA5F99 = {
						CreatedOnToolsVersion = 15.3;
						TestTargetID = 0BED39A22C05607C00EA5F99;
					};
				};
			};
			buildConfigurationList = 0BED399E2C05607C00EA5F99 /* Build configuration list for PBXProject "DesafioTecnicoCI&T" */;
			compatibilityVersion = "Xcode 14.0";
			developmentRegion = en;
			hasScannedForEncodings = 0;
			knownRegions = (
				en,
				Base,
			);
			mainGroup = 0BED399A2C05607C00EA5F99;
			productRefGroup = 0BED39A42C05607C00EA5F99 /* Products */;
			projectDirPath = "";
			projectRoot = "";
			targets = (
				0BED39A22C05607C00EA5F99 /* DesafioTecnicoCI&T */,
				0BED39B82C05607D00EA5F99 /* DesafioTecnicoCI&TTests */,
				0BED39C22C05607D00EA5F99 /* DesafioTecnicoCI&TUITests */,
			);
		};
/* End PBXProject section */

/* Begin PBXResourcesBuildPhase section */
		0BED39A12C05607C00EA5F99 /* Resources */ = {
			isa = PBXResourcesBuildPhase;
			buildActionMask = 2147483647;
			files = (
				0BED39B02C05607D00EA5F99 /* Assets.xcassets in Resources */,
				0BED39B32C05607D00EA5F99 /* Base in Resources */,
			);
			runOnlyForDeploymentPostprocessing = 0;
		};
		0BED39B72C05607D00EA5F99 /* Resources */ = {
			isa = PBXResourcesBuildPhase;
			buildActionMask = 2147483647;
			files = (
			);
			runOnlyForDeploymentPostprocessing = 0;
		};
		0BED39C12C05607D00EA5F99 /* Resources */ = {
			isa = PBXResourcesBuildPhase;
			buildActionMask = 2147483647;
			files = (
			);
			runOnlyForDeploymentPostprocessing = 0;
		};
/* End PBXResourcesBuildPhase section */

/* Begin PBXSourcesBuildPhase section */
		0BED399F2C05607C00EA5F99 /* Sources */ = {
			isa = PBXSourcesBuildPhase;
			buildActionMask = 2147483647;
			files = (
				0BAD32932C06B9FF006EAD7F /* DetailsScreen.swift in Sources */,
				0BED39DA2C0562C000EA5F99 /* HomeScreen.swift in Sources */,
				0BD618FC2C0E96BA005548C2 /* UpcomingCollectionViewCell.swift in Sources */,
				0BED39AB2C05607C00EA5F99 /* HomeViewController.swift in Sources */,
				0BD618FF2C0EB311005548C2 /* PopularCollectionViewCell.swift in Sources */,
				0BAD32912C06B9CD006EAD7F /* DetailsViewController.swift in Sources */,
				0BED39A72C05607C00EA5F99 /* AppDelegate.swift in Sources */,
				0BED39A92C05607C00EA5F99 /* SceneDelegate.swift in Sources */,
			);
			runOnlyForDeploymentPostprocessing = 0;
		};
		0BED39B52C05607D00EA5F99 /* Sources */ = {
			isa = PBXSourcesBuildPhase;
			buildActionMask = 2147483647;
			files = (
				0BED39BE2C05607D00EA5F99 /* DesafioTecnicoCI_TTests.swift in Sources */,
			);
			runOnlyForDeploymentPostprocessing = 0;
		};
		0BED39BF2C05607D00EA5F99 /* Sources */ = {
			isa = PBXSourcesBuildPhase;
			buildActionMask = 2147483647;
			files = (
				0BED39C82C05607D00EA5F99 /* DesafioTecnicoCI_TUITests.swift in Sources */,
				0BED39CA2C05607D00EA5F99 /* DesafioTecnicoCI_TUITestsLaunchTests.swift in Sources */,
			);
			runOnlyForDeploymentPostprocessing = 0;
		};
/* End PBXSourcesBuildPhase section */

/* Begin PBXTargetDependency section */
		0BED39BB2C05607D00EA5F99 /* PBXTargetDependency */ = {
			isa = PBXTargetDependency;
			target = 0BED39A22C05607C00EA5F99 /* DesafioTecnicoCI&T */;
			targetProxy = 0BED39BA2C05607D00EA5F99 /* PBXContainerItemProxy */;
		};
		0BED39C52C05607D00EA5F99 /* PBXTargetDependency */ = {
			isa = PBXTargetDependency;
			target = 0BED39A22C05607C00EA5F99 /* DesafioTecnicoCI&T */;
			targetProxy = 0BED39C42C05607D00EA5F99 /* PBXContainerItemProxy */;
		};
/* End PBXTargetDependency section */

/* Begin PBXVariantGroup section */
		0BED39B12C05607D00EA5F99 /* LaunchScreen.storyboard */ = {
			isa = PBXVariantGroup;
			children = (
				0BED39B22C05607D00EA5F99 /* Base */,
			);
			name = LaunchScreen.storyboard;
			sourceTree = "<group>";
		};
/* End PBXVariantGroup section */

/* Begin XCBuildConfiguration section */
		0BED39CB2C05607D00EA5F99 /* Debug */ = {
			isa = XCBuildConfiguration;
			buildSettings = {
				ALWAYS_SEARCH_USER_PATHS = NO;
				ASSETCATALOG_COMPILER_GENERATE_SWIFT_ASSET_SYMBOL_EXTENSIONS = YES;
				CLANG_ANALYZER_NONNULL = YES;
				CLANG_ANALYZER_NUMBER_OBJECT_CONVERSION = YES_AGGRESSIVE;
				CLANG_CXX_LANGUAGE_STANDARD = "gnu++20";
				CLANG_ENABLE_MODULES = YES;
				CLANG_ENABLE_OBJC_ARC = YES;
				CLANG_ENABLE_OBJC_WEAK = YES;
				CLANG_WARN_BLOCK_CAPTURE_AUTORELEASING = YES;
				CLANG_WARN_BOOL_CONVERSION = YES;
				CLANG_WARN_COMMA = YES;
				CLANG_WARN_CONSTANT_CONVERSION = YES;
				CLANG_WARN_DEPRECATED_OBJC_IMPLEMENTATIONS = YES;
				CLANG_WARN_DIRECT_OBJC_ISA_USAGE = YES_ERROR;
				CLANG_WARN_DOCUMENTATION_COMMENTS = YES;
				CLANG_WARN_EMPTY_BODY = YES;
				CLANG_WARN_ENUM_CONVERSION = YES;
				CLANG_WARN_INFINITE_RECURSION = YES;
				CLANG_WARN_INT_CONVERSION = YES;
				CLANG_WARN_NON_LITERAL_NULL_CONVERSION = YES;
				CLANG_WARN_OBJC_IMPLICIT_RETAIN_SELF = YES;
				CLANG_WARN_OBJC_LITERAL_CONVERSION = YES;
				CLANG_WARN_OBJC_ROOT_CLASS = YES_ERROR;
				CLANG_WARN_QUOTED_INCLUDE_IN_FRAMEWORK_HEADER = YES;
				CLANG_WARN_RANGE_LOOP_ANALYSIS = YES;
				CLANG_WARN_STRICT_PROTOTYPES = YES;
				CLANG_WARN_SUSPICIOUS_MOVE = YES;
				CLANG_WARN_UNGUARDED_AVAILABILITY = YES_AGGRESSIVE;
				CLANG_WARN_UNREACHABLE_CODE = YES;
				CLANG_WARN__DUPLICATE_METHOD_MATCH = YES;
				COPY_PHASE_STRIP = NO;
				DEBUG_INFORMATION_FORMAT = dwarf;
				ENABLE_STRICT_OBJC_MSGSEND = YES;
				ENABLE_TESTABILITY = YES;
				ENABLE_USER_SCRIPT_SANDBOXING = YES;
				GCC_C_LANGUAGE_STANDARD = gnu17;
				GCC_DYNAMIC_NO_PIC = NO;
				GCC_NO_COMMON_BLOCKS = YES;
				GCC_OPTIMIZATION_LEVEL = 0;
				GCC_PREPROCESSOR_DEFINITIONS = (
					"DEBUG=1",
					"$(inherited)",
				);
				GCC_WARN_64_TO_32_BIT_CONVERSION = YES;
				GCC_WARN_ABOUT_RETURN_TYPE = YES_ERROR;
				GCC_WARN_UNDECLARED_SELECTOR = YES;
				GCC_WARN_UNINITIALIZED_AUTOS = YES_AGGRESSIVE;
				GCC_WARN_UNUSED_FUNCTION = YES;
				GCC_WARN_UNUSED_VARIABLE = YES;
				IPHONEOS_DEPLOYMENT_TARGET = 17.4;
				LOCALIZATION_PREFERS_STRING_CATALOGS = YES;
				MTL_ENABLE_DEBUG_INFO = INCLUDE_SOURCE;
				MTL_FAST_MATH = YES;
				ONLY_ACTIVE_ARCH = YES;
				SDKROOT = iphoneos;
				SWIFT_ACTIVE_COMPILATION_CONDITIONS = "DEBUG $(inherited)";
				SWIFT_OPTIMIZATION_LEVEL = "-Onone";
			};
			name = Debug;
		};
		0BED39CC2C05607D00EA5F99 /* Release */ = {
			isa = XCBuildConfiguration;
			buildSettings = {
				ALWAYS_SEARCH_USER_PATHS = NO;
				ASSETCATALOG_COMPILER_GENERATE_SWIFT_ASSET_SYMBOL_EXTENSIONS = YES;
				CLANG_ANALYZER_NONNULL = YES;
				CLANG_ANALYZER_NUMBER_OBJECT_CONVERSION = YES_AGGRESSIVE;
				CLANG_CXX_LANGUAGE_STANDARD = "gnu++20";
				CLANG_ENABLE_MODULES = YES;
				CLANG_ENABLE_OBJC_ARC = YES;
				CLANG_ENABLE_OBJC_WEAK = YES;
				CLANG_WARN_BLOCK_CAPTURE_AUTORELEASING = YES;
				CLANG_WARN_BOOL_CONVERSION = YES;
				CLANG_WARN_COMMA = YES;
				CLANG_WARN_CONSTANT_CONVERSION = YES;
				CLANG_WARN_DEPRECATED_OBJC_IMPLEMENTATIONS = YES;
				CLANG_WARN_DIRECT_OBJC_ISA_USAGE = YES_ERROR;
				CLANG_WARN_DOCUMENTATION_COMMENTS = YES;
				CLANG_WARN_EMPTY_BODY = YES;
				CLANG_WARN_ENUM_CONVERSION = YES;
				CLANG_WARN_INFINITE_RECURSION = YES;
				CLANG_WARN_INT_CONVERSION = YES;
				CLANG_WARN_NON_LITERAL_NULL_CONVERSION = YES;
				CLANG_WARN_OBJC_IMPLICIT_RETAIN_SELF = YES;
				CLANG_WARN_OBJC_LITERAL_CONVERSION = YES;
				CLANG_WARN_OBJC_ROOT_CLASS = YES_ERROR;
				CLANG_WARN_QUOTED_INCLUDE_IN_FRAMEWORK_HEADER = YES;
				CLANG_WARN_RANGE_LOOP_ANALYSIS = YES;
				CLANG_WARN_STRICT_PROTOTYPES = YES;
				CLANG_WARN_SUSPICIOUS_MOVE = YES;
				CLANG_WARN_UNGUARDED_AVAILABILITY = YES_AGGRESSIVE;
				CLANG_WARN_UNREACHABLE_CODE = YES;
				CLANG_WARN__DUPLICATE_METHOD_MATCH = YES;
				COPY_PHASE_STRIP = NO;
				DEBUG_INFORMATION_FORMAT = "dwarf-with-dsym";
				ENABLE_NS_ASSERTIONS = NO;
				ENABLE_STRICT_OBJC_MSGSEND = YES;
				ENABLE_USER_SCRIPT_SANDBOXING = YES;
				GCC_C_LANGUAGE_STANDARD = gnu17;
				GCC_NO_COMMON_BLOCKS = YES;
				GCC_WARN_64_TO_32_BIT_CONVERSION = YES;
				GCC_WARN_ABOUT_RETURN_TYPE = YES_ERROR;
				GCC_WARN_UNDECLARED_SELECTOR = YES;
				GCC_WARN_UNINITIALIZED_AUTOS = YES_AGGRESSIVE;
				GCC_WARN_UNUSED_FUNCTION = YES;
				GCC_WARN_UNUSED_VARIABLE = YES;
				IPHONEOS_DEPLOYMENT_TARGET = 17.4;
				LOCALIZATION_PREFERS_STRING_CATALOGS = YES;
				MTL_ENABLE_DEBUG_INFO = NO;
				MTL_FAST_MATH = YES;
				SDKROOT = iphoneos;
				SWIFT_COMPILATION_MODE = wholemodule;
				VALIDATE_PRODUCT = YES;
			};
			name = Release;
		};
		0BED39CE2C05607D00EA5F99 /* Debug */ = {
			isa = XCBuildConfiguration;
			buildSettings = {
				ASSETCATALOG_COMPILER_APPICON_NAME = AppIcon;
				ASSETCATALOG_COMPILER_GLOBAL_ACCENT_COLOR_NAME = AccentColor;
				CODE_SIGN_STYLE = Automatic;
				CURRENT_PROJECT_VERSION = 1;
				DEVELOPMENT_TEAM = 8HA5H8Z9XW;
				GENERATE_INFOPLIST_FILE = YES;
				INFOPLIST_FILE = "DesafioTecnicoCI&T/Info.plist";
				INFOPLIST_KEY_UIApplicationSupportsIndirectInputEvents = YES;
				INFOPLIST_KEY_UILaunchStoryboardName = LaunchScreen;
				INFOPLIST_KEY_UISupportedInterfaceOrientations_iPad = "UIInterfaceOrientationPortrait UIInterfaceOrientationPortraitUpsideDown UIInterfaceOrientationLandscapeLeft UIInterfaceOrientationLandscapeRight";
				INFOPLIST_KEY_UISupportedInterfaceOrientations_iPhone = "UIInterfaceOrientationPortrait UIInterfaceOrientationLandscapeLeft UIInterfaceOrientationLandscapeRight";
				LD_RUNPATH_SEARCH_PATHS = (
					"$(inherited)",
					"@executable_path/Frameworks",
				);
				MARKETING_VERSION = 1.0;
				PRODUCT_BUNDLE_IDENTIFIER = "ellcavalcante.DesafioTecnicoCI-T";
				PRODUCT_NAME = "$(TARGET_NAME)";
				SWIFT_EMIT_LOC_STRINGS = YES;
				SWIFT_VERSION = 5.0;
				TARGETED_DEVICE_FAMILY = "1,2";
			};
			name = Debug;
		};
		0BED39CF2C05607D00EA5F99 /* Release */ = {
			isa = XCBuildConfiguration;
			buildSettings = {
				ASSETCATALOG_COMPILER_APPICON_NAME = AppIcon;
				ASSETCATALOG_COMPILER_GLOBAL_ACCENT_COLOR_NAME = AccentColor;
				CODE_SIGN_STYLE = Automatic;
				CURRENT_PROJECT_VERSION = 1;
				DEVELOPMENT_TEAM = 8HA5H8Z9XW;
				GENERATE_INFOPLIST_FILE = YES;
				INFOPLIST_FILE = "DesafioTecnicoCI&T/Info.plist";
				INFOPLIST_KEY_UIApplicationSupportsIndirectInputEvents = YES;
				INFOPLIST_KEY_UILaunchStoryboardName = LaunchScreen;
				INFOPLIST_KEY_UISupportedInterfaceOrientations_iPad = "UIInterfaceOrientationPortrait UIInterfaceOrientationPortraitUpsideDown UIInterfaceOrientationLandscapeLeft UIInterfaceOrientationLandscapeRight";
				INFOPLIST_KEY_UISupportedInterfaceOrientations_iPhone = "UIInterfaceOrientationPortrait UIInterfaceOrientationLandscapeLeft UIInterfaceOrientationLandscapeRight";
				LD_RUNPATH_SEARCH_PATHS = (
					"$(inherited)",
					"@executable_path/Frameworks",
				);
				MARKETING_VERSION = 1.0;
				PRODUCT_BUNDLE_IDENTIFIER = "ellcavalcante.DesafioTecnicoCI-T";
				PRODUCT_NAME = "$(TARGET_NAME)";
				SWIFT_EMIT_LOC_STRINGS = YES;
				SWIFT_VERSION = 5.0;
				TARGETED_DEVICE_FAMILY = "1,2";
			};
			name = Release;
		};
		0BED39D12C05607D00EA5F99 /* Debug */ = {
			isa = XCBuildConfiguration;
			buildSettings = {
				ALWAYS_EMBED_SWIFT_STANDARD_LIBRARIES = YES;
				BUNDLE_LOADER = "$(TEST_HOST)";
				CODE_SIGN_STYLE = Automatic;
				CURRENT_PROJECT_VERSION = 1;
				DEVELOPMENT_TEAM = 8HA5H8Z9XW;
				GENERATE_INFOPLIST_FILE = YES;
				IPHONEOS_DEPLOYMENT_TARGET = 17.4;
				MARKETING_VERSION = 1.0;
				PRODUCT_BUNDLE_IDENTIFIER = "ellcavalcante.DesafioTecnicoCI-TTests";
				PRODUCT_NAME = "$(TARGET_NAME)";
				SWIFT_EMIT_LOC_STRINGS = NO;
				SWIFT_VERSION = 5.0;
				TARGETED_DEVICE_FAMILY = "1,2";
				TEST_HOST = "$(BUILT_PRODUCTS_DIR)/DesafioTecnicoCI&T.app/$(BUNDLE_EXECUTABLE_FOLDER_PATH)/DesafioTecnicoCI&T";
			};
			name = Debug;
		};
		0BED39D22C05607D00EA5F99 /* Release */ = {
			isa = XCBuildConfiguration;
			buildSettings = {
				ALWAYS_EMBED_SWIFT_STANDARD_LIBRARIES = YES;
				BUNDLE_LOADER = "$(TEST_HOST)";
				CODE_SIGN_STYLE = Automatic;
				CURRENT_PROJECT_VERSION = 1;
				DEVELOPMENT_TEAM = 8HA5H8Z9XW;
				GENERATE_INFOPLIST_FILE = YES;
				IPHONEOS_DEPLOYMENT_TARGET = 17.4;
				MARKETING_VERSION = 1.0;
				PRODUCT_BUNDLE_IDENTIFIER = "ellcavalcante.DesafioTecnicoCI-TTests";
				PRODUCT_NAME = "$(TARGET_NAME)";
				SWIFT_EMIT_LOC_STRINGS = NO;
				SWIFT_VERSION = 5.0;
				TARGETED_DEVICE_FAMILY = "1,2";
				TEST_HOST = "$(BUILT_PRODUCTS_DIR)/DesafioTecnicoCI&T.app/$(BUNDLE_EXECUTABLE_FOLDER_PATH)/DesafioTecnicoCI&T";
			};
			name = Release;
		};
		0BED39D42C05607D00EA5F99 /* Debug */ = {
			isa = XCBuildConfiguration;
			buildSettings = {
				ALWAYS_EMBED_SWIFT_STANDARD_LIBRARIES = YES;
				CODE_SIGN_STYLE = Automatic;
				CURRENT_PROJECT_VERSION = 1;
				DEVELOPMENT_TEAM = 8HA5H8Z9XW;
				GENERATE_INFOPLIST_FILE = YES;
				MARKETING_VERSION = 1.0;
				PRODUCT_BUNDLE_IDENTIFIER = "ellcavalcante.DesafioTecnicoCI-TUITests";
				PRODUCT_NAME = "$(TARGET_NAME)";
				SWIFT_EMIT_LOC_STRINGS = NO;
				SWIFT_VERSION = 5.0;
				TARGETED_DEVICE_FAMILY = "1,2";
				TEST_TARGET_NAME = "DesafioTecnicoCI&T";
			};
			name = Debug;
		};
		0BED39D52C05607D00EA5F99 /* Release */ = {
			isa = XCBuildConfiguration;
			buildSettings = {
				ALWAYS_EMBED_SWIFT_STANDARD_LIBRARIES = YES;
				CODE_SIGN_STYLE = Automatic;
				CURRENT_PROJECT_VERSION = 1;
				DEVELOPMENT_TEAM = 8HA5H8Z9XW;
				GENERATE_INFOPLIST_FILE = YES;
				MARKETING_VERSION = 1.0;
				PRODUCT_BUNDLE_IDENTIFIER = "ellcavalcante.DesafioTecnicoCI-TUITests";
				PRODUCT_NAME = "$(TARGET_NAME)";
				SWIFT_EMIT_LOC_STRINGS = NO;
				SWIFT_VERSION = 5.0;
				TARGETED_DEVICE_FAMILY = "1,2";
				TEST_TARGET_NAME = "DesafioTecnicoCI&T";
			};
			name = Release;
		};
/* End XCBuildConfiguration section */

/* Begin XCConfigurationList section */
		0BED399E2C05607C00EA5F99 /* Build configuration list for PBXProject "DesafioTecnicoCI&T" */ = {
			isa = XCConfigurationList;
			buildConfigurations = (
				0BED39CB2C05607D00EA5F99 /* Debug */,
				0BED39CC2C05607D00EA5F99 /* Release */,
			);
			defaultConfigurationIsVisible = 0;
			defaultConfigurationName = Release;
		};
		0BED39CD2C05607D00EA5F99 /* Build configuration list for PBXNativeTarget "DesafioTecnicoCI&T" */ = {
			isa = XCConfigurationList;
			buildConfigurations = (
				0BED39CE2C05607D00EA5F99 /* Debug */,
				0BED39CF2C05607D00EA5F99 /* Release */,
			);
			defaultConfigurationIsVisible = 0;
			defaultConfigurationName = Release;
		};
		0BED39D02C05607D00EA5F99 /* Build configuration list for PBXNativeTarget "DesafioTecnicoCI&TTests" */ = {
			isa = XCConfigurationList;
			buildConfigurations = (
				0BED39D12C05607D00EA5F99 /* Debug */,
				0BED39D22C05607D00EA5F99 /* Release */,
			);
			defaultConfigurationIsVisible = 0;
			defaultConfigurationName = Release;
		};
		0BED39D32C05607D00EA5F99 /* Build configuration list for PBXNativeTarget "DesafioTecnicoCI&TUITests" */ = {
			isa = XCConfigurationList;
			buildConfigurations = (
				0BED39D42C05607D00EA5F99 /* Debug */,
				0BED39D52C05607D00EA5F99 /* Release */,
			);
			defaultConfigurationIsVisible = 0;
			defaultConfigurationName = Release;
		};
/* End XCConfigurationList section */
	};
	rootObject = 0BED399B2C05607C00EA5F99 /* Project object */;
}
